
Microsoft Visual Studio Solution File, Format Version 12.00
# Visual Studio Version 17
VisualStudioVersion = 17.3.32929.385
MinimumVisualStudioVersion = 10.0.40219.1
Project("{FAE04EC0-301F-11D3-BF4B-00C04F79EFBC}") = "Lab_1_LOITQPH26025", "Lab_1_LOITQPH26025\Lab_1_LOITQPH26025.csproj", "{53E2337D-66D0-432B-9185-F4B967B97796}"
EndProject
Global
	GlobalSection(SolutionConfigurationPlatforms) = preSolution
		Debug|Any CPU = Debug|Any CPU
		Release|Any CPU = Release|Any CPU
	EndGlobalSection
	GlobalSection(ProjectConfigurationPlatforms) = postSolution
		{53E2337D-66D0-432B-9185-F4B967B97796}.Debug|Any CPU.ActiveCfg = Debug|Any CPU
		{53E2337D-66D0-432B-9185-F4B967B97796}.Debug|Any CPU.Build.0 = Debug|Any CPU
		{53E2337D-66D0-432B-9185-F4B967B97796}.Release|Any CPU.ActiveCfg = Release|Any CPU
		{53E2337D-66D0-432B-9185-F4B967B97796}.Release|Any CPU.Build.0 = Release|Any CPU
	EndGlobalSection
	GlobalSection(SolutionProperties) = preSolution
		HideSolutionNode = FALSE
	EndGlobalSection
	GlobalSection(ExtensibilityGlobals) = postSolution
		SolutionGuid = {444CA941-7A8F-4201-994A-C2161FD2B579}
	EndGlobalSection
EndGlobal
